// !$*UTF8*$!
{
	archiveVersion = 1;
	classes = {
	};
	objectVersion = 46;
	objects = {

/* Begin PBXBuildFile section */
		AA8D48D71BF11B1800955540 /* main.m in Sources */ = {isa = PBXBuildFile; fileRef = AA8D48D61BF11B1800955540 /* main.m */; };
		AA8D48DA1BF11B1800955540 /* AppDelegate.m in Sources */ = {isa = PBXBuildFile; fileRef = AA8D48D91BF11B1800955540 /* AppDelegate.m */; };
		AA8D48DD1BF11B1800955540 /* ViewController.m in Sources */ = {isa = PBXBuildFile; fileRef = AA8D48DC1BF11B1800955540 /* ViewController.m */; };
		AA8D48E01BF11B1800955540 /* Main.storyboard in Resources */ = {isa = PBXBuildFile; fileRef = AA8D48DE1BF11B1800955540 /* Main.storyboard */; };
		AA8D48E21BF11B1800955540 /* Assets.xcassets in Resources */ = {isa = PBXBuildFile; fileRef = AA8D48E11BF11B1800955540 /* Assets.xcassets */; };
		AA8D48E51BF11B1800955540 /* LaunchScreen.storyboard in Resources */ = {isa = PBXBuildFile; fileRef = AA8D48E31BF11B1800955540 /* LaunchScreen.storyboard */; };
		AA8D48EE1BF11B8300955540 /* CustomView.m in Sources */ = {isa = PBXBuildFile; fileRef = AA8D48ED1BF11B8300955540 /* CustomView.m */; settings = {ASSET_TAGS = (); }; };
/* End PBXBuildFile section */

/* Begin PBXFileReference section */
		AA8D48D21BF11B1800955540 /* StoryboardFun.app */ = {isa = PBXFileReference; explicitFileType = wrapper.application; includeInIndex = 0; path = StoryboardFun.app; sourceTree = BUILT_PRODUCTS_DIR; };
		AA8D48D61BF11B1800955540 /* main.m */ = {isa = PBXFileReference; lastKnownFileType = sourcecode.c.objc; path = main.m; sourceTree = "<group>"; };
		AA8D48D81BF11B1800955540 /* AppDelegate.h */ = {isa = PBXFileReference; lastKnownFileType = sourcecode.c.h; path = AppDelegate.h; sourceTree = "<group>"; };
		AA8D48D91BF11B1800955540 /* AppDelegate.m */ = {isa = PBXFileReference; lastKnownFileType = sourcecode.c.objc; path = AppDelegate.m; sourceTree = "<group>"; };
		AA8D48DB1BF11B1800955540 /* ViewController.h */ = {isa = PBXFileReference; lastKnownFileType = sourcecode.c.h; path = ViewController.h; sourceTree = "<group>"; };
		AA8D48DC1BF11B1800955540 /* ViewController.m */ = {isa = PBXFileReference; lastKnownFileType = sourcecode.c.objc; path = ViewController.m; sourceTree = "<group>"; };
		AA8D48DF1BF11B1800955540 /* Base */ = {isa = PBXFileReference; lastKnownFileType = file.storyboard; name = Base; path = Base.lproj/Main.storyboard; sourceTree = "<group>"; };
		AA8D48E11BF11B1800955540 /* Assets.xcassets */ = {isa = PBXFileReference; lastKnownFileType = folder.assetcatalog; path = Assets.xcassets; sourceTree = "<group>"; };
		AA8D48E41BF11B1800955540 /* Base */ = {isa = PBXFileReference; lastKnownFileType = file.storyboard; name = Base; path = Base.lproj/LaunchScreen.storyboard; sourceTree = "<group>"; };
		AA8D48E61BF11B1800955540 /* Info.plist */ = {isa = PBXFileReference; lastKnownFileType = text.plist.xml; path = Info.plist; sourceTree = "<group>"; };
		AA8D48EC1BF11B8300955540 /* CustomView.h */ = {isa = PBXFileReference; fileEncoding = 4; lastKnownFileType = sourcecode.c.h; path = CustomView.h; sourceTree = "<group>"; };
		AA8D48ED1BF11B8300955540 /* CustomView.m */ = {isa = PBXFileReference; fileEncoding = 4; lastKnownFileType = sourcecode.c.objc; path = CustomView.m; sourceTree = "<group>"; };
/* End PBXFileReference section */

/* Begin PBXFrameworksBuildPhase section */
		AA8D48CF1BF11B1800955540 /* Frameworks */ = {
			isa = PBXFrameworksBuildPhase;
			buildActionMask = 2147483647;
			files = (
			);
			runOnlyForDeploymentPostprocessing = 0;
		};
/* End PBXFrameworksBuildPhase section */

/* Begin PBXGroup section */
		AA8D48C91BF11B1800955540 = {
			isa = PBXGroup;
			children = (
				AA8D48D41BF11B1800955540 /* StoryboardFun */,
				AA8D48D31BF11B1800955540 /* Products */,
			);
			sourceTree = "<group>";
		};
		AA8D48D31BF11B1800955540 /* Products */ = {
			isa = PBXGroup;
			children = (
				AA8D48D21BF11B1800955540 /* StoryboardFun.app */,
			);
			name = Products;
			sourceTree = "<group>";
		};
		AA8D48D41BF11B1800955540 /* StoryboardFun */ = {
			isa = PBXGroup;
			children = (
				AA8D48D81BF11B1800955540 /* AppDelegate.h */,
				AA8D48D91BF11B1800955540 /* AppDelegate.m */,
				AA8D48EC1BF11B8300955540 /* CustomView.h */,
				AA8D48ED1BF11B8300955540 /* CustomView.m */,
				AA8D48DB1BF11B1800955540 /* ViewController.h */,
				AA8D48DC1BF11B1800955540 /* ViewController.m */,
				AA8D48DE1BF11B1800955540 /* Main.storyboard */,
				AA8D48E11BF11B1800955540 /* Assets.xcassets */,
				AA8D48E31BF11B1800955540 /* LaunchScreen.storyboard */,
				AA8D48E61BF11B1800955540 /* Info.plist */,
				AA8D48D51BF11B1800955540 /* Supporting Files */,
			);
			path = StoryboardFun;
			sourceTree = "<group>";
		};
		AA8D48D51BF11B1800955540 /* Supporting Files */ = {
			isa = PBXGroup;
			children = (
				AA8D48D61BF11B1800955540 /* main.m */,
			);
			name = "Supporting Files";
			sourceTree = "<group>";
		};
/* End PBXGroup section */

/* Begin PBXNativeTarget section */
		AA8D48D11BF11B1800955540 /* StoryboardFun */ = {
			isa = PBXNativeTarget;
			buildConfigurationList = AA8D48E91BF11B1800955540 /* Build configuration list for PBXNativeTarget "StoryboardFun" */;
			buildPhases = (
				AA8D48CE1BF11B1800955540 /* Sources */,
				AA8D48CF1BF11B1800955540 /* Frameworks */,
				AA8D48D01BF11B1800955540 /* Resources */,
			);
			buildRules = (
			);
			dependencies = (
			);
			name = StoryboardFun;
			productName = StoryboardFun;
			productReference = AA8D48D21BF11B1800955540 /* StoryboardFun.app */;
			productType = "com.apple.product-type.application";
		};
/* End PBXNativeTarget section */

/* Begin PBXProject section */
		AA8D48CA1BF11B1800955540 /* Project object */ = {
			isa = PBXProject;
			attributes = {
				LastUpgradeCheck = 0700;
				ORGANIZATIONNAME = "Christian Lysne";
				TargetAttributes = {
					AA8D48D11BF11B1800955540 = {
						CreatedOnToolsVersion = 7.0.1;
					};
				};
			};
			buildConfigurationList = AA8D48CD1BF11B1800955540 /* Build configuration list for PBXProject "StoryboardFun" */;
			compatibilityVersion = "Xcode 3.2";
			developmentRegion = English;
			hasScannedForEncodings = 0;
			knownRegions = (
				en,
				Base,
			);
			mainGroup = AA8D48C91BF11B1800955540;
			productRefGroup = AA8D48D31BF11B1800955540 /* Products */;
			projectDirPath = "";
			projectRoot = "";
			targets = (
				AA8D48D11BF11B1800955540 /* StoryboardFun */,
			);
		};
/* End PBXProject section */

/* Begin PBXResourcesBuildPhase section */
		AA8D48D01BF11B1800955540 /* Resources */ = {
			isa = PBXResourcesBuildPhase;
			buildActionMask = 2147483647;
			files = (
				AA8D48E51BF11B1800955540 /* LaunchScreen.storyboard in Resources */,
				AA8D48E21BF11B1800955540 /* Assets.xcassets in Resources */,
				AA8D48E01BF11B1800955540 /* Main.storyboard in Resources */,
			);
			runOnlyForDeploymentPostprocessing = 0;
		};
/* End PBXResourcesBuildPhase section */

/* Begin PBXSourcesBuildPhase section */
		AA8D48CE1BF11B1800955540 /* Sources */ = {
			isa = PBXSourcesBuildPhase;
			buildActionMask = 2147483647;
			files = (
				AA8D48DD1BF11B1800955540 /* ViewController.m in Sources */,
				AA8D48EE1BF11B8300955540 /* CustomView.m in Sources */,
				AA8D48DA1BF11B1800955540 /* AppDelegate.m in Sources */,
				AA8D48D71BF11B1800955540 /* main.m in Sources */,
			);
			runOnlyForDeploymentPostprocessing = 0;
		};
/* End PBXSourcesBuildPhase section */

/* Begin PBXVariantGroup section */
		AA8D48DE1BF11B1800955540 /* Main.storyboard */ = {
			isa = PBXVariantGroup;
			children = (
				AA8D48DF1BF11B1800955540 /* Base */,
			);
			name = Main.storyboard;
			sourceTree = "<group>";
		};
		AA8D48E31BF11B1800955540 /* LaunchScreen.storyboard */ = {
			isa = PBXVariantGroup;
			children = (
				AA8D48E41BF11B1800955540 /* Base */,
			);
			name = LaunchScreen.storyboard;
			sourceTree = "<group>";
		};
/* End PBXVariantGroup section */

/* Begin XCBuildConfiguration section */
		AA8D48E71BF11B1800955540 /* Debug */ = {
			isa = XCBuildConfiguration;
			buildSettings = {
				ALWAYS_SEARCH_USER_PATHS = NO;
				CLANG_CXX_LANGUAGE_STANDARD = "gnu++0x";
				CLANG_CXX_LIBRARY = "libc++";
				CLANG_ENABLE_MODULES = YES;
				CLANG_ENABLE_OBJC_ARC = YES;
				CLANG_WARN_BOOL_CONVERSION = YES;
				CLANG_WARN_CONSTANT_CONVERSION = YES;
				CLANG_WARN_DIRECT_OBJC_ISA_USAGE = YES_ERROR;
				CLANG_WARN_EMPTY_BODY = YES;
				CLANG_WARN_ENUM_CONVERSION = YES;
				CLANG_WARN_INT_CONVERSION = YES;
				CLANG_WARN_OBJC_ROOT_CLASS = YES_ERROR;
				CLANG_WARN_UNREACHABLE_CODE = YES;
				CLANG_WARN__DUPLICATE_METHOD_MATCH = YES;
				"CODE_SIGN_IDENTITY[sdk=iphoneos*]" = "iPhone Developer";
				COPY_PHASE_STRIP = NO;
				DEBUG_INFORMATION_FORMAT = dwarf;
				ENABLE_STRICT_OBJC_MSGSEND = YES;
				ENABLE_TESTABILITY = YES;
				GCC_C_LANGUAGE_STANDARD = gnu99;
				GCC_DYNAMIC_NO_PIC = NO;
				GCC_NO_COMMON_BLOCKS = YES;
				GCC_OPTIMIZATION_LEVEL = 0;
				GCC_PREPROCESSOR_DEFINITIONS = (
					"DEBUG=1",
					"$(inherited)",
				);
				GCC_WARN_64_TO_32_BIT_CONVERSION = YES;
				GCC_WARN_ABOUT_RETURN_TYPE = YES_ERROR;
				GCC_WARN_UNDECLARED_SELECTOR = YES;
				GCC_WARN_UNINITIALIZED_AUTOS = YES_AGGRESSIVE;
				GCC_WARN_UNUSED_FUNCTION = YES;
				GCC_WARN_UNUSED_VARIABLE = YES;
				IPHONEOS_DEPLOYMENT_TARGET = 9.0;
				MTL_ENABLE_DEBUG_INFO = YES;
				ONLY_ACTIVE_ARCH = YES;
				SDKROOT = iphoneos;
			};
			name = Debug;
		};
		AA8D48E81BF11B1800955540 /* Release */ = {
			isa = XCBuildConfiguration;
			buildSettings = {
				ALWAYS_SEARCH_USER_PATHS = NO;
				CLANG_CXX_LANGUAGE_STANDARD = "gnu++0x";
				CLANG_CXX_LIBRARY = "libc++";
				CLANG_ENABLE_MODULES = YES;
				CLANG_ENABLE_OBJC_ARC = YES;
				CLANG_WARN_BOOL_CONVERSION = YES;
				CLANG_WARN_CONSTANT_CONVERSION = YES;
				CLANG_WARN_DIRECT_OBJC_ISA_USAGE = YES_ERROR;
				CLANG_WARN_EMPTY_BODY = YES;
				CLANG_WARN_ENUM_CONVERSION = YES;
				CLANG_WARN_INT_CONVERSION = YES;
				CLANG_WARN_OBJC_ROOT_CLASS = YES_ERROR;
				CLANG_WARN_UNREACHABLE_CODE = YES;
				CLANG_WARN__DUPLICATE_METHOD_MATCH = YES;
				"CODE_SIGN_IDENTITY[sdk=iphoneos*]" = "iPhone Developer";
				COPY_PHASE_STRIP = NO;
				DEBUG_INFORMATION_FORMAT = "dwarf-with-dsym";
				ENABLE_NS_ASSERTIONS = NO;
				ENABLE_STRICT_OBJC_MSGSEND = YES;
				GCC_C_LANGUAGE_STANDARD = gnu99;
				GCC_NO_COMMON_BLOCKS = YES;
				GCC_WARN_64_TO_32_BIT_CONVERSION = YES;
				GCC_WARN_ABOUT_RETURN_TYPE = YES_ERROR;
				GCC_WARN_UNDECLARED_SELECTOR = YES;
				GCC_WARN_UNINITIALIZED_AUTOS = YES_AGGRESSIVE;
				GCC_WARN_UNUSED_FUNCTION = YES;
				GCC_WARN_UNUSED_VARIABLE = YES;
				IPHONEOS_DEPLOYMENT_TARGET = 9.0;
				MTL_ENABLE_DEBUG_INFO = NO;
				SDKROOT = iphoneos;
				VALIDATE_PRODUCT = YES;
			};
			name = Release;
		};
		AA8D48EA1BF11B1800955540 /* Debug */ = {
			isa = XCBuildConfiguration;
			buildSettings = {
				ASSETCATALOG_COMPILER_APPICON_NAME = AppIcon;
				INFOPLIST_FILE = StoryboardFun/Info.plist;
				LD_RUNPATH_SEARCH_PATHS = "$(inherited) @executable_path/Frameworks";
				PRODUCT_BUNDLE_IDENTIFIER = com.christianlysne.StoryboardFun;
				PRODUCT_NAME = "$(TARGET_NAME)";
			};
			name = Debug;
		};
		AA8D48EB1BF11B1800955540 /* Release */ = {
			isa = XCBuildConfiguration;
			buildSettings = {
				ASSETCATALOG_COMPILER_APPICON_NAME = AppIcon;
				INFOPLIST_FILE = StoryboardFun/Info.plist;
				LD_RUNPATH_SEARCH_PATHS = "$(inherited) @executable_path/Frameworks";
				PRODUCT_BUNDLE_IDENTIFIER = com.christianlysne.StoryboardFun;
				PRODUCT_NAME = "$(TARGET_NAME)";
			};
			name = Release;
		};
/* End XCBuildConfiguration section */

/* Begin XCConfigurationList section */
		AA8D48CD1BF11B1800955540 /* Build configuration list for PBXProject "StoryboardFun" */ = {
			isa = XCConfigurationList;
			buildConfigurations = (
				AA8D48E71BF11B1800955540 /* Debug */,
				AA8D48E81BF11B1800955540 /* Release */,
			);
			defaultConfigurationIsVisible = 0;
			defaultConfigurationName = Release;
		};
		AA8D48E91BF11B1800955540 /* Build configuration list for PBXNativeTarget "StoryboardFun" */ = {
			isa = XCConfigurationList;
			buildConfigurations = (
				AA8D48EA1BF11B1800955540 /* Debug */,
				AA8D48EB1BF11B1800955540 /* Release */,
			);
			defaultConfigurationIsVisible = 0;
		};
/* End XCConfigurationList section */
	};
	rootObject = AA8D48CA1BF11B1800955540 /* Project object */;
}
